{
  "name": "js-function",
  "lockfileVersion": 2,
  "requires": true,
  "packages": {
    "": {
      "dependencies": {
        "immutable": "^4.3.5",
        "lodash": "^4.17.21"
      }
    },
    "node_modules/immutable": {
      "version": "4.3.5",
      "resolved": "https://registry.npmjs.org/immutable/-/immutable-4.3.5.tgz",
      "integrity": "sha512-8eabxkth9gZatlwl5TBuJnCsoTADlL6ftEr7A4qgdaTsPyreilDSnUk57SO+jfKcNtxPa22U5KK6DSeAYhpBJw=="
    },
    "node_modules/lodash": {
      "version": "4.17.21",
      "resolved": "https://registry.npmjs.org/lodash/-/lodash-4.17.21.tgz",
      "integrity": "sha512-v2kDEe57lecTulaDIuNTPy3Ry4gLGJ6Z1O3vE1krgXZNrsQ+LFTGHVxVjcXPs17LhbZVGedAJv8XZ1tvj5FvSg=="
    }
  },
  "dependencies": {
    "immutable": {
      "version": "4.3.5",
      "resolved": "https://registry.npmjs.org/immutable/-/immutable-4.3.5.tgz",
      "integrity": "sha512-8eabxkth9gZatlwl5TBuJnCsoTADlL6ftEr7A4qgdaTsPyreilDSnUk57SO+jfKcNtxPa22U5KK6DSeAYhpBJw=="
    },
    "lodash": {
      "version": "4.17.21",
      "resolved": "https://registry.npmjs.org/lodash/-/lodash-4.17.21.tgz",
      "integrity": "sha512-v2kDEe57lecTulaDIuNTPy3Ry4gLGJ6Z1O3vE1krgXZNrsQ+LFTGHVxVjcXPs17LhbZVGedAJv8XZ1tvj5FvSg=="
    }
  }
}
